
Microsoft Visual Studio Solution File, Format Version 12.00
# Visual Studio 2013
VisualStudioVersion = 12.0.31101.0
MinimumVisualStudioVersion = 10.0.40219.1
Project("{FAE04EC0-301F-11D3-BF4B-00C04F79EFBC}") = "faiz", "faiz\faiz.csproj", "{CDCF05DC-73A0-458E-930A-5BA319D295EB}"
EndProject
Global
	GlobalSection(SolutionConfigurationPlatforms) = preSolution
		Debug|Any CPU = Debug|Any CPU
		Release|Any CPU = Release|Any CPU
	EndGlobalSection
	GlobalSection(ProjectConfigurationPlatforms) = postSolution
		{CDCF05DC-73A0-458E-930A-5BA319D295EB}.Debug|Any CPU.ActiveCfg = Debug|Any CPU
		{CDCF05DC-73A0-458E-930A-5BA319D295EB}.Debug|Any CPU.Build.0 = Debug|Any CPU
		{CDCF05DC-73A0-458E-930A-5BA319D295EB}.Release|Any CPU.ActiveCfg = Release|Any CPU
		{CDCF05DC-73A0-458E-930A-5BA319D295EB}.Release|Any CPU.Build.0 = Release|Any CPU
	EndGlobalSection
	GlobalSection(SolutionProperties) = preSolution
		HideSolutionNode = FALSE
	EndGlobalSection
EndGlobal
